// !$*UTF8*$!
{
	archiveVersion = 1;
	classes = {
	};
	objectVersion = 48;
	objects = {

/* Begin PBXBuildFile section */
		2342EF673E83CED01868A31E /* libPods-B_Category.a in Frameworks */ = {isa = PBXBuildFile; fileRef = 1F8B28BA846B4823B0AA8920 /* libPods-B_Category.a */; };
		9392A44320231B740012FF48 /* AppDelegate.m in Sources */ = {isa = PBXBuildFile; fileRef = 9392A44220231B740012FF48 /* AppDelegate.m */; };
		9392A44620231B740012FF48 /* ViewController.m in Sources */ = {isa = PBXBuildFile; fileRef = 9392A44520231B740012FF48 /* ViewController.m */; };
		9392A44920231B740012FF48 /* Main.storyboard in Resources */ = {isa = PBXBuildFile; fileRef = 9392A44720231B740012FF48 /* Main.storyboard */; };
		9392A44B20231B740012FF48 /* Assets.xcassets in Resources */ = {isa = PBXBuildFile; fileRef = 9392A44A20231B740012FF48 /* Assets.xcassets */; };
		9392A44E20231B740012FF48 /* LaunchScreen.storyboard in Resources */ = {isa = PBXBuildFile; fileRef = 9392A44C20231B740012FF48 /* LaunchScreen.storyboard */; };
		9392A45120231B740012FF48 /* main.m in Sources */ = {isa = PBXBuildFile; fileRef = 9392A45020231B740012FF48 /* main.m */; };
		9392A45A20231D770012FF48 /* CTMediator+B.m in Sources */ = {isa = PBXBuildFile; fileRef = 9392A45920231D770012FF48 /* CTMediator+B.m */; };
/* End PBXBuildFile section */

/* Begin PBXFileReference section */
		1D14216C6767F4C7509763B1 /* Pods-B_Category.debug.xcconfig */ = {isa = PBXFileReference; includeInIndex = 1; lastKnownFileType = text.xcconfig; name = "Pods-B_Category.debug.xcconfig"; path = "Pods/Target Support Files/Pods-B_Category/Pods-B_Category.debug.xcconfig"; sourceTree = "<group>"; };
		1F8B28BA846B4823B0AA8920 /* libPods-B_Category.a */ = {isa = PBXFileReference; explicitFileType = archive.ar; includeInIndex = 0; path = "libPods-B_Category.a"; sourceTree = BUILT_PRODUCTS_DIR; };
		42B2B4451E9A046C03A83B98 /* Pods-B_Category.release.xcconfig */ = {isa = PBXFileReference; includeInIndex = 1; lastKnownFileType = text.xcconfig; name = "Pods-B_Category.release.xcconfig"; path = "Pods/Target Support Files/Pods-B_Category/Pods-B_Category.release.xcconfig"; sourceTree = "<group>"; };
		9392A43E20231B730012FF48 /* B_Category.app */ = {isa = PBXFileReference; explicitFileType = wrapper.application; includeInIndex = 0; path = B_Category.app; sourceTree = BUILT_PRODUCTS_DIR; };
		9392A44120231B740012FF48 /* AppDelegate.h */ = {isa = PBXFileReference; lastKnownFileType = sourcecode.c.h; path = AppDelegate.h; sourceTree = "<group>"; };
		9392A44220231B740012FF48 /* AppDelegate.m */ = {isa = PBXFileReference; lastKnownFileType = sourcecode.c.objc; path = AppDelegate.m; sourceTree = "<group>"; };
		9392A44420231B740012FF48 /* ViewController.h */ = {isa = PBXFileReference; lastKnownFileType = sourcecode.c.h; path = ViewController.h; sourceTree = "<group>"; };
		9392A44520231B740012FF48 /* ViewController.m */ = {isa = PBXFileReference; lastKnownFileType = sourcecode.c.objc; path = ViewController.m; sourceTree = "<group>"; };
		9392A44820231B740012FF48 /* Base */ = {isa = PBXFileReference; lastKnownFileType = file.storyboard; name = Base; path = Base.lproj/Main.storyboard; sourceTree = "<group>"; };
		9392A44A20231B740012FF48 /* Assets.xcassets */ = {isa = PBXFileReference; lastKnownFileType = folder.assetcatalog; path = Assets.xcassets; sourceTree = "<group>"; };
		9392A44D20231B740012FF48 /* Base */ = {isa = PBXFileReference; lastKnownFileType = file.storyboard; name = Base; path = Base.lproj/LaunchScreen.storyboard; sourceTree = "<group>"; };
		9392A44F20231B740012FF48 /* Info.plist */ = {isa = PBXFileReference; lastKnownFileType = text.plist.xml; path = Info.plist; sourceTree = "<group>"; };
		9392A45020231B740012FF48 /* main.m */ = {isa = PBXFileReference; lastKnownFileType = sourcecode.c.objc; path = main.m; sourceTree = "<group>"; };
		9392A45820231D770012FF48 /* CTMediator+B.h */ = {isa = PBXFileReference; lastKnownFileType = sourcecode.c.h; path = "CTMediator+B.h"; sourceTree = "<group>"; };
		9392A45920231D770012FF48 /* CTMediator+B.m */ = {isa = PBXFileReference; lastKnownFileType = sourcecode.c.objc; path = "CTMediator+B.m"; sourceTree = "<group>"; };
/* End PBXFileReference section */

/* Begin PBXFrameworksBuildPhase section */
		9392A43B20231B730012FF48 /* Frameworks */ = {
			isa = PBXFrameworksBuildPhase;
			buildActionMask = 2147483647;
			files = (
				2342EF673E83CED01868A31E /* libPods-B_Category.a in Frameworks */,
			);
			runOnlyForDeploymentPostprocessing = 0;
		};
/* End PBXFrameworksBuildPhase section */

/* Begin PBXGroup section */
		9392A43520231B730012FF48 = {
			isa = PBXGroup;
			children = (
				9392A44020231B730012FF48 /* B_Category */,
				9392A43F20231B730012FF48 /* Products */,
				AE5A2051650C9983338D0CB2 /* Pods */,
				D8452EA5846AB5C33F90ACEF /* Frameworks */,
			);
			sourceTree = "<group>";
		};
		9392A43F20231B730012FF48 /* Products */ = {
			isa = PBXGroup;
			children = (
				9392A43E20231B730012FF48 /* B_Category.app */,
			);
			name = Products;
			sourceTree = "<group>";
		};
		9392A44020231B730012FF48 /* B_Category */ = {
			isa = PBXGroup;
			children = (
				9392A45720231CF60012FF48 /* B_Category */,
				9392A44120231B740012FF48 /* AppDelegate.h */,
				9392A44220231B740012FF48 /* AppDelegate.m */,
				9392A44420231B740012FF48 /* ViewController.h */,
				9392A44520231B740012FF48 /* ViewController.m */,
				9392A44720231B740012FF48 /* Main.storyboard */,
				9392A44A20231B740012FF48 /* Assets.xcassets */,
				9392A44C20231B740012FF48 /* LaunchScreen.storyboard */,
				9392A44F20231B740012FF48 /* Info.plist */,
				9392A45020231B740012FF48 /* main.m */,
			);
			path = B_Category;
			sourceTree = "<group>";
		};
		9392A45720231CF60012FF48 /* B_Category */ = {
			isa = PBXGroup;
			children = (
				9392A45820231D770012FF48 /* CTMediator+B.h */,
				9392A45920231D770012FF48 /* CTMediator+B.m */,
			);
			name = B_Category;
			path = "/Users/ZWS/Desktop/architecture design/modulization demo/B_Category/B_Category/B_Category";
			sourceTree = "<absolute>";
		};
		AE5A2051650C9983338D0CB2 /* Pods */ = {
			isa = PBXGroup;
			children = (
				1D14216C6767F4C7509763B1 /* Pods-B_Category.debug.xcconfig */,
				42B2B4451E9A046C03A83B98 /* Pods-B_Category.release.xcconfig */,
			);
			name = Pods;
			sourceTree = "<group>";
		};
		D8452EA5846AB5C33F90ACEF /* Frameworks */ = {
			isa = PBXGroup;
			children = (
				1F8B28BA846B4823B0AA8920 /* libPods-B_Category.a */,
			);
			name = Frameworks;
			sourceTree = "<group>";
		};
/* End PBXGroup section */

/* Begin PBXNativeTarget section */
		9392A43D20231B730012FF48 /* B_Category */ = {
			isa = PBXNativeTarget;
			buildConfigurationList = 9392A45420231B740012FF48 /* Build configuration list for PBXNativeTarget "B_Category" */;
			buildPhases = (
				888E4A3249D6E7FD135A0297 /* [CP] Check Pods Manifest.lock */,
				9392A43A20231B730012FF48 /* Sources */,
				9392A43B20231B730012FF48 /* Frameworks */,
				9392A43C20231B730012FF48 /* Resources */,
				6C648A540CFEFB9857A704C4 /* [CP] Embed Pods Frameworks */,
				1215FC13A082FB8AE189E73D /* [CP] Copy Pods Resources */,
			);
			buildRules = (
			);
			dependencies = (
			);
			name = B_Category;
			productName = B_Category;
			productReference = 9392A43E20231B730012FF48 /* B_Category.app */;
			productType = "com.apple.product-type.application";
		};
/* End PBXNativeTarget section */

/* Begin PBXProject section */
		9392A43620231B730012FF48 /* Project object */ = {
			isa = PBXProject;
			attributes = {
				LastUpgradeCheck = 0920;
				ORGANIZATIONNAME = LOFT.ZHENG;
				TargetAttributes = {
					9392A43D20231B730012FF48 = {
						CreatedOnToolsVersion = 9.2;
						ProvisioningStyle = Automatic;
					};
				};
			};
			buildConfigurationList = 9392A43920231B730012FF48 /* Build configuration list for PBXProject "B_Category" */;
			compatibilityVersion = "Xcode 8.0";
			developmentRegion = en;
			hasScannedForEncodings = 0;
			knownRegions = (
				en,
				Base,
			);
			mainGroup = 9392A43520231B730012FF48;
			productRefGroup = 9392A43F20231B730012FF48 /* Products */;
			projectDirPath = "";
			projectRoot = "";
			targets = (
				9392A43D20231B730012FF48 /* B_Category */,
			);
		};
/* End PBXProject section */

/* Begin PBXResourcesBuildPhase section */
		9392A43C20231B730012FF48 /* Resources */ = {
			isa = PBXResourcesBuildPhase;
			buildActionMask = 2147483647;
			files = (
				9392A44E20231B740012FF48 /* LaunchScreen.storyboard in Resources */,
				9392A44B20231B740012FF48 /* Assets.xcassets in Resources */,
				9392A44920231B740012FF48 /* Main.storyboard in Resources */,
			);
			runOnlyForDeploymentPostprocessing = 0;
		};
/* End PBXResourcesBuildPhase section */

/* Begin PBXShellScriptBuildPhase section */
		1215FC13A082FB8AE189E73D /* [CP] Copy Pods Resources */ = {
			isa = PBXShellScriptBuildPhase;
			buildActionMask = 2147483647;
			files = (
			);
			inputPaths = (
			);
			name = "[CP] Copy Pods Resources";
			outputPaths = (
			);
			runOnlyForDeploymentPostprocessing = 0;
			shellPath = /bin/sh;
			shellScript = "\"${SRCROOT}/Pods/Target Support Files/Pods-B_Category/Pods-B_Category-resources.sh\"\n";
			showEnvVarsInLog = 0;
		};
		6C648A540CFEFB9857A704C4 /* [CP] Embed Pods Frameworks */ = {
			isa = PBXShellScriptBuildPhase;
			buildActionMask = 2147483647;
			files = (
			);
			inputPaths = (
			);
			name = "[CP] Embed Pods Frameworks";
			outputPaths = (
			);
			runOnlyForDeploymentPostprocessing = 0;
			shellPath = /bin/sh;
			shellScript = "\"${SRCROOT}/Pods/Target Support Files/Pods-B_Category/Pods-B_Category-frameworks.sh\"\n";
			showEnvVarsInLog = 0;
		};
		888E4A3249D6E7FD135A0297 /* [CP] Check Pods Manifest.lock */ = {
			isa = PBXShellScriptBuildPhase;
			buildActionMask = 2147483647;
			files = (
			);
			inputPaths = (
				"${PODS_PODFILE_DIR_PATH}/Podfile.lock",
				"${PODS_ROOT}/Manifest.lock",
			);
			name = "[CP] Check Pods Manifest.lock";
			outputPaths = (
				"$(DERIVED_FILE_DIR)/Pods-B_Category-checkManifestLockResult.txt",
			);
			runOnlyForDeploymentPostprocessing = 0;
			shellPath = /bin/sh;
			shellScript = "diff \"${PODS_PODFILE_DIR_PATH}/Podfile.lock\" \"${PODS_ROOT}/Manifest.lock\" > /dev/null\nif [ $? != 0 ] ; then\n    # print error to STDERR\n    echo \"error: The sandbox is not in sync with the Podfile.lock. Run 'pod install' or update your CocoaPods installation.\" >&2\n    exit 1\nfi\n# This output is used by Xcode 'outputs' to avoid re-running this script phase.\necho \"SUCCESS\" > \"${SCRIPT_OUTPUT_FILE_0}\"\n";
			showEnvVarsInLog = 0;
		};
/* End PBXShellScriptBuildPhase section */

/* Begin PBXSourcesBuildPhase section */
		9392A43A20231B730012FF48 /* Sources */ = {
			isa = PBXSourcesBuildPhase;
			buildActionMask = 2147483647;
			files = (
				9392A44620231B740012FF48 /* ViewController.m in Sources */,
				9392A45120231B740012FF48 /* main.m in Sources */,
				9392A45A20231D770012FF48 /* CTMediator+B.m in Sources */,
				9392A44320231B740012FF48 /* AppDelegate.m in Sources */,
			);
			runOnlyForDeploymentPostprocessing = 0;
		};
/* End PBXSourcesBuildPhase section */

/* Begin PBXVariantGroup section */
		9392A44720231B740012FF48 /* Main.storyboard */ = {
			isa = PBXVariantGroup;
			children = (
				9392A44820231B740012FF48 /* Base */,
			);
			name = Main.storyboard;
			sourceTree = "<group>";
		};
		9392A44C20231B740012FF48 /* LaunchScreen.storyboard */ = {
			isa = PBXVariantGroup;
			children = (
				9392A44D20231B740012FF48 /* Base */,
			);
			name = LaunchScreen.storyboard;
			sourceTree = "<group>";
		};
/* End PBXVariantGroup section */

/* Begin XCBuildConfiguration section */
		9392A45220231B740012FF48 /* Debug */ = {
			isa = XCBuildConfiguration;
			buildSettings = {
				ALWAYS_SEARCH_USER_PATHS = NO;
				CLANG_ANALYZER_NONNULL = YES;
				CLANG_ANALYZER_NUMBER_OBJECT_CONVERSION = YES_AGGRESSIVE;
				CLANG_CXX_LANGUAGE_STANDARD = "gnu++14";
				CLANG_CXX_LIBRARY = "libc++";
				CLANG_ENABLE_MODULES = YES;
				CLANG_ENABLE_OBJC_ARC = YES;
				CLANG_WARN_BLOCK_CAPTURE_AUTORELEASING = YES;
				CLANG_WARN_BOOL_CONVERSION = YES;
				CLANG_WARN_COMMA = YES;
				CLANG_WARN_CONSTANT_CONVERSION = YES;
				CLANG_WARN_DIRECT_OBJC_ISA_USAGE = YES_ERROR;
				CLANG_WARN_DOCUMENTATION_COMMENTS = YES;
				CLANG_WARN_EMPTY_BODY = YES;
				CLANG_WARN_ENUM_CONVERSION = YES;
				CLANG_WARN_INFINITE_RECURSION = YES;
				CLANG_WARN_INT_CONVERSION = YES;
				CLANG_WARN_NON_LITERAL_NULL_CONVERSION = YES;
				CLANG_WARN_OBJC_LITERAL_CONVERSION = YES;
				CLANG_WARN_OBJC_ROOT_CLASS = YES_ERROR;
				CLANG_WARN_RANGE_LOOP_ANALYSIS = YES;
				CLANG_WARN_STRICT_PROTOTYPES = YES;
				CLANG_WARN_SUSPICIOUS_MOVE = YES;
				CLANG_WARN_UNGUARDED_AVAILABILITY = YES_AGGRESSIVE;
				CLANG_WARN_UNREACHABLE_CODE = YES;
				CLANG_WARN__DUPLICATE_METHOD_MATCH = YES;
				CODE_SIGN_IDENTITY = "iPhone Developer";
				COPY_PHASE_STRIP = NO;
				DEBUG_INFORMATION_FORMAT = dwarf;
				ENABLE_STRICT_OBJC_MSGSEND = YES;
				ENABLE_TESTABILITY = YES;
				GCC_C_LANGUAGE_STANDARD = gnu11;
				GCC_DYNAMIC_NO_PIC = NO;
				GCC_NO_COMMON_BLOCKS = YES;
				GCC_OPTIMIZATION_LEVEL = 0;
				GCC_PREPROCESSOR_DEFINITIONS = (
					"DEBUG=1",
					"$(inherited)",
				);
				GCC_WARN_64_TO_32_BIT_CONVERSION = YES;
				GCC_WARN_ABOUT_RETURN_TYPE = YES_ERROR;
				GCC_WARN_UNDECLARED_SELECTOR = YES;
				GCC_WARN_UNINITIALIZED_AUTOS = YES_AGGRESSIVE;
				GCC_WARN_UNUSED_FUNCTION = YES;
				GCC_WARN_UNUSED_VARIABLE = YES;
				IPHONEOS_DEPLOYMENT_TARGET = 11.2;
				MTL_ENABLE_DEBUG_INFO = YES;
				ONLY_ACTIVE_ARCH = YES;
				SDKROOT = iphoneos;
			};
			name = Debug;
		};
		9392A45320231B740012FF48 /* Release */ = {
			isa = XCBuildConfiguration;
			buildSettings = {
				ALWAYS_SEARCH_USER_PATHS = NO;
				CLANG_ANALYZER_NONNULL = YES;
				CLANG_ANALYZER_NUMBER_OBJECT_CONVERSION = YES_AGGRESSIVE;
				CLANG_CXX_LANGUAGE_STANDARD = "gnu++14";
				CLANG_CXX_LIBRARY = "libc++";
				CLANG_ENABLE_MODULES = YES;
				CLANG_ENABLE_OBJC_ARC = YES;
				CLANG_WARN_BLOCK_CAPTURE_AUTORELEASING = YES;
				CLANG_WARN_BOOL_CONVERSION = YES;
				CLANG_WARN_COMMA = YES;
				CLANG_WARN_CONSTANT_CONVERSION = YES;
				CLANG_WARN_DIRECT_OBJC_ISA_USAGE = YES_ERROR;
				CLANG_WARN_DOCUMENTATION_COMMENTS = YES;
				CLANG_WARN_EMPTY_BODY = YES;
				CLANG_WARN_ENUM_CONVERSION = YES;
				CLANG_WARN_INFINITE_RECURSION = YES;
				CLANG_WARN_INT_CONVERSION = YES;
				CLANG_WARN_NON_LITERAL_NULL_CONVERSION = YES;
				CLANG_WARN_OBJC_LITERAL_CONVERSION = YES;
				CLANG_WARN_OBJC_ROOT_CLASS = YES_ERROR;
				CLANG_WARN_RANGE_LOOP_ANALYSIS = YES;
				CLANG_WARN_STRICT_PROTOTYPES = YES;
				CLANG_WARN_SUSPICIOUS_MOVE = YES;
				CLANG_WARN_UNGUARDED_AVAILABILITY = YES_AGGRESSIVE;
				CLANG_WARN_UNREACHABLE_CODE = YES;
				CLANG_WARN__DUPLICATE_METHOD_MATCH = YES;
				CODE_SIGN_IDENTITY = "iPhone Developer";
				COPY_PHASE_STRIP = NO;
				DEBUG_INFORMATION_FORMAT = "dwarf-with-dsym";
				ENABLE_NS_ASSERTIONS = NO;
				ENABLE_STRICT_OBJC_MSGSEND = YES;
				GCC_C_LANGUAGE_STANDARD = gnu11;
				GCC_NO_COMMON_BLOCKS = YES;
				GCC_WARN_64_TO_32_BIT_CONVERSION = YES;
				GCC_WARN_ABOUT_RETURN_TYPE = YES_ERROR;
				GCC_WARN_UNDECLARED_SELECTOR = YES;
				GCC_WARN_UNINITIALIZED_AUTOS = YES_AGGRESSIVE;
				GCC_WARN_UNUSED_FUNCTION = YES;
				GCC_WARN_UNUSED_VARIABLE = YES;
				IPHONEOS_DEPLOYMENT_TARGET = 11.2;
				MTL_ENABLE_DEBUG_INFO = NO;
				SDKROOT = iphoneos;
				VALIDATE_PRODUCT = YES;
			};
			name = Release;
		};
		9392A45520231B740012FF48 /* Debug */ = {
			isa = XCBuildConfiguration;
			baseConfigurationReference = 1D14216C6767F4C7509763B1 /* Pods-B_Category.debug.xcconfig */;
			buildSettings = {
				ASSETCATALOG_COMPILER_APPICON_NAME = AppIcon;
				CODE_SIGN_STYLE = Automatic;
				DEVELOPMENT_TEAM = Q3G4U295V9;
				INFOPLIST_FILE = B_Category/Info.plist;
				IPHONEOS_DEPLOYMENT_TARGET = 11.2;
				LD_RUNPATH_SEARCH_PATHS = "$(inherited) @executable_path/Frameworks";
				PRODUCT_BUNDLE_IDENTIFIER = "x.future.B-Category";
				PRODUCT_NAME = "$(TARGET_NAME)";
				TARGETED_DEVICE_FAMILY = "1,2";
			};
			name = Debug;
		};
		9392A45620231B740012FF48 /* Release */ = {
			isa = XCBuildConfiguration;
			baseConfigurationReference = 42B2B4451E9A046C03A83B98 /* Pods-B_Category.release.xcconfig */;
			buildSettings = {
				ASSETCATALOG_COMPILER_APPICON_NAME = AppIcon;
				CODE_SIGN_STYLE = Automatic;
				DEVELOPMENT_TEAM = Q3G4U295V9;
				INFOPLIST_FILE = B_Category/Info.plist;
				IPHONEOS_DEPLOYMENT_TARGET = 11.2;
				LD_RUNPATH_SEARCH_PATHS = "$(inherited) @executable_path/Frameworks";
				PRODUCT_BUNDLE_IDENTIFIER = "x.future.B-Category";
				PRODUCT_NAME = "$(TARGET_NAME)";
				TARGETED_DEVICE_FAMILY = "1,2";
			};
			name = Release;
		};
/* End XCBuildConfiguration section */

/* Begin XCConfigurationList section */
		9392A43920231B730012FF48 /* Build configuration list for PBXProject "B_Category" */ = {
			isa = XCConfigurationList;
			buildConfigurations = (
				9392A45220231B740012FF48 /* Debug */,
				9392A45320231B740012FF48 /* Release */,
			);
			defaultConfigurationIsVisible = 0;
			defaultConfigurationName = Release;
		};
		9392A45420231B740012FF48 /* Build configuration list for PBXNativeTarget "B_Category" */ = {
			isa = XCConfigurationList;
			buildConfigurations = (
				9392A45520231B740012FF48 /* Debug */,
				9392A45620231B740012FF48 /* Release */,
			);
			defaultConfigurationIsVisible = 0;
			defaultConfigurationName = Release;
		};
/* End XCConfigurationList section */
	};
	rootObject = 9392A43620231B730012FF48 /* Project object */;
}
